
Microsoft Visual Studio Solution File, Format Version 12.00
# Visual Studio 2012
Project("{FAE04EC0-301F-11D3-BF4B-00C04F79EFBC}") = "ViewInterface", "ViewInterface\ViewInterface.csproj", "{2E8C1719-44D2-4B01-A2DC-20D48F79B12A}"
EndProject
Project("{FAE04EC0-301F-11D3-BF4B-00C04F79EFBC}") = "ControllerInterface", "ControllerInterface\ControllerInterface.csproj", "{A2E5FE74-6660-404F-B516-11E995CC7FB1}"
EndProject
Project("{FAE04EC0-301F-11D3-BF4B-00C04F79EFBC}") = "ModelInterface", "ModelInterface\ModelInterface.csproj", "{81EBB607-AD40-44E5-9814-32E3651E80EA}"
EndProject
Project("{FAE04EC0-301F-11D3-BF4B-00C04F79EFBC}") = "BizInterface", "BizInterface\BizInterface.csproj", "{1E4C6998-75D4-43B3-9372-A8F8F5F695CC}"
EndProject
Project("{2150E333-8FDC-42A3-9474-1A3956D46DE8}") = "Implement", "Implement", "{AC1497D1-0AA8-495C-8A47-C28AF6B40FE0}"
EndProject
Project("{FAE04EC0-301F-11D3-BF4B-00C04F79EFBC}") = "BizImplement", "BizImplement\BizImplement.csproj", "{060F199F-A1FA-4651-A187-ADE6A6A78D7A}"
EndProject
Project("{FAE04EC0-301F-11D3-BF4B-00C04F79EFBC}") = "ViewImplement", "ViewImplement\ViewImplement.csproj", "{175E47DE-5B54-49DA-A0A6-F14014AC8949}"
EndProject
Project("{FAE04EC0-301F-11D3-BF4B-00C04F79EFBC}") = "ModelImplement", "ModelImplement\ModelImplement.csproj", "{E94A81B2-22E3-4675-8B10-929D0227DA26}"
EndProject
Project("{FAE04EC0-301F-11D3-BF4B-00C04F79EFBC}") = "ControllerImplement", "ControllerImplement\ControllerImplement.csproj", "{10D6F8CD-F292-4BC0-BFCD-05762F0CE572}"
EndProject
Project("{FAE04EC0-301F-11D3-BF4B-00C04F79EFBC}") = "WinApp", "WinApp\WinApp.csproj", "{5D3F1801-7836-4982-977E-F227F96A13D3}"
EndProject
Global
	GlobalSection(SolutionConfigurationPlatforms) = preSolution
		Debug|Any CPU = Debug|Any CPU
		Release|Any CPU = Release|Any CPU
	EndGlobalSection
	GlobalSection(ProjectConfigurationPlatforms) = postSolution
		{2E8C1719-44D2-4B01-A2DC-20D48F79B12A}.Debug|Any CPU.ActiveCfg = Debug|Any CPU
		{2E8C1719-44D2-4B01-A2DC-20D48F79B12A}.Debug|Any CPU.Build.0 = Debug|Any CPU
		{2E8C1719-44D2-4B01-A2DC-20D48F79B12A}.Release|Any CPU.ActiveCfg = Release|Any CPU
		{2E8C1719-44D2-4B01-A2DC-20D48F79B12A}.Release|Any CPU.Build.0 = Release|Any CPU
		{A2E5FE74-6660-404F-B516-11E995CC7FB1}.Debug|Any CPU.ActiveCfg = Debug|Any CPU
		{A2E5FE74-6660-404F-B516-11E995CC7FB1}.Debug|Any CPU.Build.0 = Debug|Any CPU
		{A2E5FE74-6660-404F-B516-11E995CC7FB1}.Release|Any CPU.ActiveCfg = Release|Any CPU
		{A2E5FE74-6660-404F-B516-11E995CC7FB1}.Release|Any CPU.Build.0 = Release|Any CPU
		{81EBB607-AD40-44E5-9814-32E3651E80EA}.Debug|Any CPU.ActiveCfg = Debug|Any CPU
		{81EBB607-AD40-44E5-9814-32E3651E80EA}.Debug|Any CPU.Build.0 = Debug|Any CPU
		{81EBB607-AD40-44E5-9814-32E3651E80EA}.Release|Any CPU.ActiveCfg = Release|Any CPU
		{81EBB607-AD40-44E5-9814-32E3651E80EA}.Release|Any CPU.Build.0 = Release|Any CPU
		{1E4C6998-75D4-43B3-9372-A8F8F5F695CC}.Debug|Any CPU.ActiveCfg = Debug|Any CPU
		{1E4C6998-75D4-43B3-9372-A8F8F5F695CC}.Debug|Any CPU.Build.0 = Debug|Any CPU
		{1E4C6998-75D4-43B3-9372-A8F8F5F695CC}.Release|Any CPU.ActiveCfg = Release|Any CPU
		{1E4C6998-75D4-43B3-9372-A8F8F5F695CC}.Release|Any CPU.Build.0 = Release|Any CPU
		{060F199F-A1FA-4651-A187-ADE6A6A78D7A}.Debug|Any CPU.ActiveCfg = Debug|Any CPU
		{060F199F-A1FA-4651-A187-ADE6A6A78D7A}.Debug|Any CPU.Build.0 = Debug|Any CPU
		{060F199F-A1FA-4651-A187-ADE6A6A78D7A}.Release|Any CPU.ActiveCfg = Release|Any CPU
		{060F199F-A1FA-4651-A187-ADE6A6A78D7A}.Release|Any CPU.Build.0 = Release|Any CPU
		{175E47DE-5B54-49DA-A0A6-F14014AC8949}.Debug|Any CPU.ActiveCfg = Debug|Any CPU
		{175E47DE-5B54-49DA-A0A6-F14014AC8949}.Debug|Any CPU.Build.0 = Debug|Any CPU
		{175E47DE-5B54-49DA-A0A6-F14014AC8949}.Release|Any CPU.ActiveCfg = Release|Any CPU
		{175E47DE-5B54-49DA-A0A6-F14014AC8949}.Release|Any CPU.Build.0 = Release|Any CPU
		{E94A81B2-22E3-4675-8B10-929D0227DA26}.Debug|Any CPU.ActiveCfg = Debug|Any CPU
		{E94A81B2-22E3-4675-8B10-929D0227DA26}.Debug|Any CPU.Build.0 = Debug|Any CPU
		{E94A81B2-22E3-4675-8B10-929D0227DA26}.Release|Any CPU.ActiveCfg = Release|Any CPU
		{E94A81B2-22E3-4675-8B10-929D0227DA26}.Release|Any CPU.Build.0 = Release|Any CPU
		{10D6F8CD-F292-4BC0-BFCD-05762F0CE572}.Debug|Any CPU.ActiveCfg = Debug|Any CPU
		{10D6F8CD-F292-4BC0-BFCD-05762F0CE572}.Debug|Any CPU.Build.0 = Debug|Any CPU
		{10D6F8CD-F292-4BC0-BFCD-05762F0CE572}.Release|Any CPU.ActiveCfg = Release|Any CPU
		{10D6F8CD-F292-4BC0-BFCD-05762F0CE572}.Release|Any CPU.Build.0 = Release|Any CPU
		{5D3F1801-7836-4982-977E-F227F96A13D3}.Debug|Any CPU.ActiveCfg = Debug|Any CPU
		{5D3F1801-7836-4982-977E-F227F96A13D3}.Debug|Any CPU.Build.0 = Debug|Any CPU
		{5D3F1801-7836-4982-977E-F227F96A13D3}.Release|Any CPU.ActiveCfg = Release|Any CPU
		{5D3F1801-7836-4982-977E-F227F96A13D3}.Release|Any CPU.Build.0 = Release|Any CPU
	EndGlobalSection
	GlobalSection(SolutionProperties) = preSolution
		HideSolutionNode = FALSE
	EndGlobalSection
	GlobalSection(NestedProjects) = preSolution
		{060F199F-A1FA-4651-A187-ADE6A6A78D7A} = {AC1497D1-0AA8-495C-8A47-C28AF6B40FE0}
		{175E47DE-5B54-49DA-A0A6-F14014AC8949} = {AC1497D1-0AA8-495C-8A47-C28AF6B40FE0}
		{E94A81B2-22E3-4675-8B10-929D0227DA26} = {AC1497D1-0AA8-495C-8A47-C28AF6B40FE0}
		{10D6F8CD-F292-4BC0-BFCD-05762F0CE572} = {AC1497D1-0AA8-495C-8A47-C28AF6B40FE0}
	EndGlobalSection
EndGlobal
